<?xml version="1.0" encoding="utf-8"?>
<Project ToolsVersion="4.0" xmlns="http://schemas.microsoft.com/developer/msbuild/2003">
  <ItemGroup>
    <Filter Include="Source Files">
      <UniqueIdentifier>{4FC737F1-C7A5-4376-A066-2A32D752A2FF}</UniqueIdentifier>
      <Extensions>cpp;c;cc;cxx;def;odl;idl;hpj;bat;asm;asmx</Extensions>
    </Filter>
    <Filter Include="Header Files">
      <UniqueIdentifier>{93995380-89BD-4b04-88EB-625FBE52EBFB}</UniqueIdentifier>
      <Extensions>h;hh;hpp;hxx;hm;inl;inc;ipp;xsd</Extensions>
    </Filter>
    <Filter Include="Resource Files">
      <UniqueIdentifier>{67DA6AB6-F800-4c08-8B7A-83BB121AAD01}</UniqueIdentifier>
      <Extensions>rc;ico;cur;bmp;dlg;rc2;rct;bin;rgs;gif;jpg;jpeg;jpe;resx;tiff;tif;png;wav;mfcribbon-ms</Extensions>
    </Filter>
    <Filter Include="Source Files\Chapter4">
      <UniqueIdentifier>{2b665ba6-0b23-441f-a271-47ad0f05ab4f}</UniqueIdentifier>
    </Filter>
    <Filter Include="Source Files\Test">
      <UniqueIdentifier>{22f86e69-356c-4e9f-add8-e98ada304b09}</UniqueIdentifier>
    </Filter>
    <Filter Include="Header Files\Test">
      <UniqueIdentifier>{273d4d68-6f4c-4350-a21e-63b983f55cac}</UniqueIdentifier>
    </Filter>
    <Filter Include="Header Files\Chapter4">
      <UniqueIdentifier>{4d5e172d-e9e9-4749-9f06-127f3e3b5d5a}</UniqueIdentifier>
    </Filter>
    <Filter Include="Header Files\Chapter5">
      <UniqueIdentifier>{3eea7ee5-9856-48cb-8476-186adfe2d8a2}</UniqueIdentifier>
    </Filter>
    <Filter Include="Source Files\Chapter5">
      <UniqueIdentifier>{b550338f-5081-4ae6-8fd6-4c79969f58ac}</UniqueIdentifier>
    </Filter>
    <Filter Include="Header Files\Chapter6">
      <UniqueIdentifier>{92a265df-6096-4077-afa9-56838a1ef1f0}</UniqueIdentifier>
    </Filter>
    <Filter Include="Source Files\Chapter6">
      <UniqueIdentifier>{1f6ac409-12ab-4fd6-8393-77b922dd9423}</UniqueIdentifier>
    </Filter>
    <Filter Include="Header Files\Chapter7">
      <UniqueIdentifier>{bb83da0b-6718-4c5e-bb5d-f63112794acc}</UniqueIdentifier>
    </Filter>
    <Filter Include="Header Files\Chapter8">
      <UniqueIdentifier>{dc8b6e2b-9d7d-471e-a682-cd01080a2c80}</UniqueIdentifier>
    </Filter>
    <Filter Include="Header Files\Chapter10">
      <UniqueIdentifier>{84454d8e-80e6-4199-9799-03f6892757a0}</UniqueIdentifier>
    </Filter>
    <Filter Include="Source Files\Chapter10">
      <UniqueIdentifier>{690e946d-2cc1-4f60-af3f-ec841a88f96a}</UniqueIdentifier>
    </Filter>
    <Filter Include="Source Files\Chapter7">
      <UniqueIdentifier>{b6c3e077-2880-4d06-a9a6-196bc8422899}</UniqueIdentifier>
    </Filter>
    <Filter Include="Source Files\Chapter8">
      <UniqueIdentifier>{bf4ca83f-a213-4d59-b0fa-7ec03801a71e}</UniqueIdentifier>
    </Filter>
    <Filter Include="Header Files\Chapter12">
      <UniqueIdentifier>{06986664-c912-47ff-bddb-56c0388f6879}</UniqueIdentifier>
    </Filter>
    <Filter Include="Source Files\Chapter12">
      <UniqueIdentifier>{f781740b-94d1-433a-b73f-3ba5e4a8830d}</UniqueIdentifier>
    </Filter>
    <Filter Include="Header Files\Chapter13">
      <UniqueIdentifier>{67463549-586e-4e0c-ad2b-c7059d2a821d}</UniqueIdentifier>
    </Filter>
    <Filter Include="Source Files\Chapter13">
      <UniqueIdentifier>{167e9bf4-4eb3-47c4-878a-ea37dc6b8b41}</UniqueIdentifier>
    </Filter>
    <Filter Include="Header Files\Chapter18">
      <UniqueIdentifier>{79aa59b9-cd25-4b56-bd91-e571b314a8c7}</UniqueIdentifier>
    </Filter>
    <Filter Include="Source Files\Chapter18">
      <UniqueIdentifier>{59cf9b6c-0012-44f7-84b4-df5f4a7516fd}</UniqueIdentifier>
    </Filter>
  </ItemGroup>
  <ItemGroup>
    <ClInclude Include="pch.h">
      <Filter>Header Files</Filter>
    </ClInclude>
    <ClInclude Include="Test.h">
      <Filter>Header Files\Test</Filter>
    </ClInclude>
    <ClInclude Include="BaseMain.h">
      <Filter>Header Files</Filter>
    </ClInclude>
    <ClInclude Include="4.16-Hexapon.h">
      <Filter>Header Files\Chapter4</Filter>
    </ClInclude>
    <ClInclude Include="4.17-1-Summary.h">
      <Filter>Header Files\Chapter4</Filter>
    </ClInclude>
    <ClInclude Include="4.17-2-PieChart.h">
      <Filter>Header Files\Chapter4</Filter>
    </ClInclude>
    <ClInclude Include="4.17-3-DrawCurve.h">
      <Filter>Header Files\Chapter4</Filter>
    </ClInclude>
    <ClInclude Include="5.x-GraphicAttribute.h">
      <Filter>Header Files\Chapter5</Filter>
    </ClInclude>
    <ClInclude Include="6.x-GraphicAlgorithm.h">
      <Filter>Header Files\Chapter6</Filter>
    </ClInclude>
    <ClInclude Include="7.x-2D_GeometricTransformation.h">
      <Filter>Header Files\Chapter7</Filter>
    </ClInclude>
    <ClInclude Include="8.x-2D_Viewing.h">
      <Filter>Header Files\Chapter8</Filter>
    </ClInclude>
    <ClInclude Include="10.x_3D_Viewing.h">
      <Filter>Header Files\Chapter10</Filter>
    </ClInclude>
    <ClInclude Include="12.x-Animation.h">
      <Filter>Header Files\Chapter12</Filter>
    </ClInclude>
    <ClInclude Include="13.x-Present.h">
      <Filter>Header Files\Chapter13</Filter>
    </ClInclude>
    <ClInclude Include="18.x-TextureAndSurface.h">
      <Filter>Header Files\Chapter18</Filter>
    </ClInclude>
  </ItemGroup>
  <ItemGroup>
    <ClCompile Include="pch.cpp">
      <Filter>Source Files</Filter>
    </ClCompile>
    <ClCompile Include="LearnOpenGL.cpp">
      <Filter>Source Files</Filter>
    </ClCompile>
    <ClCompile Include="Test.cpp">
      <Filter>Source Files\Test</Filter>
    </ClCompile>
    <ClCompile Include="4.16-Hexagon.cpp">
      <Filter>Source Files\Chapter4</Filter>
    </ClCompile>
    <ClCompile Include="BaseMain.cpp">
      <Filter>Source Files</Filter>
    </ClCompile>
    <ClCompile Include="4.17-1-Summary.cpp">
      <Filter>Source Files\Chapter4</Filter>
    </ClCompile>
    <ClCompile Include="4.17-2-PieChart.cpp">
      <Filter>Source Files\Chapter4</Filter>
    </ClCompile>
    <ClCompile Include="4.17-3-DrawCurve.cpp">
      <Filter>Source Files\Chapter4</Filter>
    </ClCompile>
    <ClCompile Include="5.x-GraphicAttribute.cpp">
      <Filter>Source Files\Chapter5</Filter>
    </ClCompile>
    <ClCompile Include="6.x-GraphicAlgorithm.cpp">
      <Filter>Source Files\Chapter6</Filter>
    </ClCompile>
    <ClCompile Include="7.x-2D_GeometricTransformation.cpp">
      <Filter>Source Files\Chapter7</Filter>
    </ClCompile>
    <ClCompile Include="8.x-2D_Viewing.cpp">
      <Filter>Source Files\Chapter8</Filter>
    </ClCompile>
    <ClCompile Include="10.x_3D_Viewing.cpp">
      <Filter>Source Files\Chapter10</Filter>
    </ClCompile>
    <ClCompile Include="12.x-Animation.cpp">
      <Filter>Source Files\Chapter12</Filter>
    </ClCompile>
    <ClCompile Include="13.x-Present.cpp">
      <Filter>Source Files\Chapter13</Filter>
    </ClCompile>
    <ClCompile Include="18.x-TextureAndSurface.cpp">
      <Filter>Source Files\Chapter18</Filter>
    </ClCompile>
  </ItemGroup>
  <ItemGroup>
    <None Include="packages.config" />
  </ItemGroup>
</Project>